
Microsoft Visual Studio Solution File, Format Version 12.00
# Visual Studio Version 17
VisualStudioVersion = 17.4.33122.133
MinimumVisualStudioVersion = 10.0.40219.1
Project("{9A19103F-16F7-4668-BE54-9A1E7A4F7556}") = "Aula1 aspnet", "Aula1 aspnet\Aula1 aspnet.csproj", "{19F2805E-BA8A-4E4F-9849-CA4DE8079426}"
EndProject
Global
	GlobalSection(SolutionConfigurationPlatforms) = preSolution
		Debug|Any CPU = Debug|Any CPU
		Release|Any CPU = Release|Any CPU
	EndGlobalSection
	GlobalSection(ProjectConfigurationPlatforms) = postSolution
		{19F2805E-BA8A-4E4F-9849-CA4DE8079426}.Debug|Any CPU.ActiveCfg = Debug|Any CPU
		{19F2805E-BA8A-4E4F-9849-CA4DE8079426}.Debug|Any CPU.Build.0 = Debug|Any CPU
		{19F2805E-BA8A-4E4F-9849-CA4DE8079426}.Release|Any CPU.ActiveCfg = Release|Any CPU
		{19F2805E-BA8A-4E4F-9849-CA4DE8079426}.Release|Any CPU.Build.0 = Release|Any CPU
	EndGlobalSection
	GlobalSection(SolutionProperties) = preSolution
		HideSolutionNode = FALSE
	EndGlobalSection
	GlobalSection(ExtensibilityGlobals) = postSolution
		SolutionGuid = {733381AB-4163-4FBD-9494-791C56DEFE04}
	EndGlobalSection
EndGlobal
